github.com/bool64/ctxd v1.2.1 h1:hARFteq0zdn4bwfmxLhak3fXFuvtJVKDH2X29VV/2ls=
github.com/bool64/ctxd v1.2.1/go.mod h1:ZG6QkeGVLTiUl2mxPpyHmFhDzFZCyocr9hluBV3LYuc=
github.com/bool64/dev v0.2.24 h1:xptlKivPh870W3Xc9szPcM7wkFmTMuHT8rc0nu7dITk=
github.com/bool64/dev v0.2.32 h1:DRZtloaoH1Igky3zphaUHV9+SLIV2H3lsf78JsJHFg0=
github.com/bool64/dev v0.2.32/go.mod h1:iJbh1y/HkunEPhgebWRNcs8wfGq7sjvJ6W5iabL8ACg=
github.com/bool64/dev v0.2.33 h1:ETAcSa8H9w4talcCdSQCCnLX7PMHmuxdLcDl6TpSDj4=
github.com/bool64/dev v0.2.33/go.mod h1:iJbh1y/HkunEPhgebWRNcs8wfGq7sjvJ6W5iabL8ACg=
github.com/cenkalti/backoff/v4 v4.2.1 h1:y4OZtCnogmCPw98Zjyt5a6+QwPLGkiQsYW5oUqylYbM=
github.com/cenkalti/backoff/v4 v4.2.1/go.mod h1:Y3VNntkOUPxTVeUxJ/G5vcM//AlwfmyYozVcomhLiZE=
github.com/davecgh/go-spew v1.1.1 h1:vj9j/u1bqnvCEfJOwUhtlOARqs3+rkHYY13jYWTU97c=
github.com/davecgh/go-spew v1.1.1/go.mod h1:J7Y8YcW2NihsgmVo/mv3lAwl/skON4iLHjSsI+c5H38=
github.com/dohernandez/dev v0.1.0 h1:jVyo7XZVIH2oXFHp50ZAbjbuxOVuyLiF0oaPARyW/10=
github.com/dohernandez/dev v0.1.0/go.mod h1:EXsB60WJXSoNkx/LVEe8NAUYMbQ8qmDQ6xwkR/5rixY=
github.com/dohernandez/dev v0.7.5 h1:JYZecxhYnCJJ+k2jPqM0JhTm+QBwaBGMQGpOWR8HkpQ=
github.com/dohernandez/dev v0.7.5/go.mod h1:wD9owTM9rveq54KvgDhoP8G5ntMf/XdbI/xonKbLWkY=
github.com/dohernandez/errors v0.0.0-20231017211553-9f8df5e0169a h1:u+JsU1xxhrC3qxy48+3+v5vX2aWfDygY3cYaRDiek6c=
github.com/dohernandez/errors v0.0.0-20231017211553-9f8df5e0169a/go.mod h1:icPZ1kFrVXAbkE9o/jJQQZ30uwfmjHFaDlXXghbpPWs=
github.com/dohernandez/retry v0.0.0-20231217162611-271b3d9f267b h1:2XoltXXwLCYljFIOIVEBjzGbe0ZUQuCTt8PsFnbgitc=
github.com/dohernandez/retry v0.0.0-20231217162611-271b3d9f267b/go.mod h1:xHleqA8dUy9JOi88thYeX79z1nzaC+F6kcRc+jbZNzA=
github.com/dohernandez/retry v0.0.0-20231218001702-bf1b4af18fcd h1:GbpmMjSTv61gGxYSm+jIVQquXPwAzdIyhvKyR1/Wdkk=
github.com/dohernandez/retry v0.0.0-20231218001702-bf1b4af18fcd/go.mod h1:Dftu8hkG4pXbDq6HwYHj6MxsvMllTOtO5i54LTpY/DI=
github.com/dohernandez/retry v0.0.0-20231218002820-daddd000e703 h1:F589W5UCSnOlhX5wCqQw2JB2MX9K0UXaCmytkyZ2J9s=
github.com/dohernandez/retry v0.0.0-20231218002820-daddd000e703/go.mod h1:Dftu8hkG4pXbDq6HwYHj6MxsvMllTOtO5i54LTpY/DI=
github.com/dohernandez/retry v0.1.1 h1:wtcHuXRGdJxGiFSP8grRNI60Iqi2ehhyGJO6GHcRznQ=
github.com/dohernandez/retry v0.1.1/go.mod h1:swmyCWqKY3rEce0d1CeeeOmuixxDCXuJ8N4F2PmeyFY=
github.com/dohernandez/storage v0.2.3 h1:Lg8UDYTj5dNiF407V8KP/8hgyvQ5rTgNguUbJ/Ohtiw=
github.com/dohernandez/storage v0.2.3/go.mod h1:OW4IPdB1Bs1B1+fEvZ3i7nT4sBJr3A3vgFgCmYq6pe4=
github.com/dohernandez/storage v0.2.5 h1:VsKgR2kaYmWCU5s503wP7R5Rce2kd+Av5MJJNWNgH5Y=
github.com/dohernandez/storage v0.2.5/go.mod h1:adyzzqhOmdCK2V4ILPNvI8KbwmfVFoFGzJafSCGmUao=
github.com/pmezard/go-difflib v1.0.0 h1:4DBwDE0NGyQoBHbLQYPwSUPoCMWR5BEzIk/f1lZbAQM=
github.com/pmezard/go-difflib v1.0.0/go.mod h1:iKH77koFhYxTK1pcRnkKkqfTogsbg7gZNVY4sRDYZ/4=
github.com/stretchr/testify v1.8.4 h1:CcVxjf3Q8PM0mHUKJCdn+eZZtm5yQwehR5yeSVQQcUk=
github.com/stretchr/testify v1.8.4/go.mod h1:sz/lmYIOXD/1dqDmKjjqLyZ2RngseejIcXlSw2iwfAo=
github.com/swaggest/usecase v1.2.0 h1:cHVFqxIbHfyTXp02JmWXk+ZADaSa87UZP+b3qL5Nz90=
golang.org/x/sync v0.5.0 h1:60k92dhOjHxJkrqnwsfl8KuaHbn/5dl0lUPUklKo3qE=
golang.org/x/sync v0.5.0/go.mod h1:Czt+wKu1gCyEFDUtn0jG5QVvpJ6rzVqr5aXyt9drQfk=
gopkg.in/check.v1 v0.0.0-20161208181325-20d25e280405 h1:yhCVgyC4o1eVCa2tZl7eS0r+SDo693bJlVdllGtEeKM=
gopkg.in/check.v1 v0.0.0-20161208181325-20d25e280405/go.mod h1:Co6ibVJAznAaIkqp8huTwlJQCZ016jof/cbN4VW5Yz0=
gopkg.in/yaml.v3 v3.0.1 h1:fxVm/GzAzEWqLHuvctI91KS9hhNmmWOoWu0XTYJS7CA=
gopkg.in/yaml.v3 v3.0.1/go.mod h1:K4uyk7z7BCEPqu6E+C64Yfv1cQ7kz7rIZviUmN+EgEM=
